
Microsoft Visual Studio Solution File, Format Version 12.00
# Visual Studio Version 17
VisualStudioVersion = 17.2.32505.173
MinimumVisualStudioVersion = 10.0.40219.1
Project("{FAE04EC0-301F-11D3-BF4B-00C04F79EFBC}") = "CRUDCORE", "CRUDCORE\CRUDCORE.csproj", "{9FCA8E10-599E-4D02-8CC8-E5115448094D}"
EndProject
Global
	GlobalSection(SolutionConfigurationPlatforms) = preSolution
		Debug|Any CPU = Debug|Any CPU
		Release|Any CPU = Release|Any CPU
	EndGlobalSection
	GlobalSection(ProjectConfigurationPlatforms) = postSolution
		{9FCA8E10-599E-4D02-8CC8-E5115448094D}.Debug|Any CPU.ActiveCfg = Debug|Any CPU
		{9FCA8E10-599E-4D02-8CC8-E5115448094D}.Debug|Any CPU.Build.0 = Debug|Any CPU
		{9FCA8E10-599E-4D02-8CC8-E5115448094D}.Release|Any CPU.ActiveCfg = Release|Any CPU
		{9FCA8E10-599E-4D02-8CC8-E5115448094D}.Release|Any CPU.Build.0 = Release|Any CPU
	EndGlobalSection
	GlobalSection(SolutionProperties) = preSolution
		HideSolutionNode = FALSE
	EndGlobalSection
	GlobalSection(ExtensibilityGlobals) = postSolution
		SolutionGuid = {A3D496EF-28F2-44F8-9FF1-D4BE0E7664CA}
	EndGlobalSection
EndGlobal
